// !$*UTF8*$!
{
	archiveVersion = 1;
	classes = {
	};
	objectVersion = 46;
	objects = {

/* Begin PBXBuildFile section */
		468A1B0415D93AE400264F18 /* GDataXMLNode.m in Sources */ = {isa = PBXBuildFile; fileRef = 468A1B0315D93AE400264F18 /* GDataXMLNode.m */; settings = {COMPILER_FLAGS = "-fno-objc-arc"; }; };
		468A1B3915D93B2800264F18 /* access.c in Sources */ = {isa = PBXBuildFile; fileRef = 468A1B0515D93B2800264F18 /* access.c */; settings = {COMPILER_FLAGS = "-fno-objc-arc"; }; };
		468A1B3A15D93B2800264F18 /* alloc.c in Sources */ = {isa = PBXBuildFile; fileRef = 468A1B0715D93B2800264F18 /* alloc.c */; settings = {COMPILER_FLAGS = "-fno-objc-arc"; }; };
		468A1B3B15D93B2800264F18 /* attrask.c in Sources */ = {isa = PBXBuildFile; fileRef = 468A1B0815D93B2800264F18 /* attrask.c */; settings = {COMPILER_FLAGS = "-fno-objc-arc"; }; };
		468A1B3C15D93B2800264F18 /* attrdict.c in Sources */ = {isa = PBXBuildFile; fileRef = 468A1B0915D93B2800264F18 /* attrdict.c */; settings = {COMPILER_FLAGS = "-fno-objc-arc"; }; };
		468A1B3D15D93B2800264F18 /* attrget.c in Sources */ = {isa = PBXBuildFile; fileRef = 468A1B0B15D93B2800264F18 /* attrget.c */; settings = {COMPILER_FLAGS = "-fno-objc-arc"; }; };
		468A1B3E15D93B2800264F18 /* attrs.c in Sources */ = {isa = PBXBuildFile; fileRef = 468A1B0C15D93B2800264F18 /* attrs.c */; settings = {COMPILER_FLAGS = "-fno-objc-arc"; }; };
		468A1B3F15D93B2800264F18 /* buffio.c in Sources */ = {isa = PBXBuildFile; fileRef = 468A1B0E15D93B2800264F18 /* buffio.c */; settings = {COMPILER_FLAGS = "-fno-objc-arc"; }; };
		468A1B4015D93B2800264F18 /* charsets.c in Sources */ = {isa = PBXBuildFile; fileRef = 468A1B1015D93B2800264F18 /* charsets.c */; settings = {COMPILER_FLAGS = "-fno-objc-arc"; }; };
		468A1B4115D93B2800264F18 /* clean.c in Sources */ = {isa = PBXBuildFile; fileRef = 468A1B1215D93B2800264F18 /* clean.c */; settings = {COMPILER_FLAGS = "-fno-objc-arc"; }; };
		468A1B4215D93B2800264F18 /* config.c in Sources */ = {isa = PBXBuildFile; fileRef = 468A1B1415D93B2800264F18 /* config.c */; settings = {COMPILER_FLAGS = "-fno-objc-arc"; }; };
		468A1B4315D93B2800264F18 /* entities.c in Sources */ = {isa = PBXBuildFile; fileRef = 468A1B1615D93B2800264F18 /* entities.c */; settings = {COMPILER_FLAGS = "-fno-objc-arc"; }; };
		468A1B4415D93B2800264F18 /* fileio.c in Sources */ = {isa = PBXBuildFile; fileRef = 468A1B1815D93B2800264F18 /* fileio.c */; settings = {COMPILER_FLAGS = "-fno-objc-arc"; }; };
		468A1B4515D93B2800264F18 /* iconvtc.c in Sources */ = {isa = PBXBuildFile; fileRef = 468A1B1B15D93B2800264F18 /* iconvtc.c */; settings = {COMPILER_FLAGS = "-fno-objc-arc"; }; };
		468A1B4615D93B2800264F18 /* istack.c in Sources */ = {isa = PBXBuildFile; fileRef = 468A1B1D15D93B2800264F18 /* istack.c */; settings = {COMPILER_FLAGS = "-fno-objc-arc"; }; };
		468A1B4715D93B2800264F18 /* lexer.c in Sources */ = {isa = PBXBuildFile; fileRef = 468A1B1E15D93B2800264F18 /* lexer.c */; settings = {COMPILER_FLAGS = "-fno-objc-arc"; }; };
		468A1B4815D93B2800264F18 /* localize.c in Sources */ = {isa = PBXBuildFile; fileRef = 468A1B2015D93B2800264F18 /* localize.c */; settings = {COMPILER_FLAGS = "-fno-objc-arc"; }; };
		468A1B4915D93B2800264F18 /* mappedio.c in Sources */ = {isa = PBXBuildFile; fileRef = 468A1B2115D93B2800264F18 /* mappedio.c */; settings = {COMPILER_FLAGS = "-fno-objc-arc"; }; };
		468A1B4A15D93B2800264F18 /* parser.c in Sources */ = {isa = PBXBuildFile; fileRef = 468A1B2415D93B2800264F18 /* parser.c */; settings = {COMPILER_FLAGS = "-fno-objc-arc"; }; };
		468A1B4B15D93B2800264F18 /* pprint.c in Sources */ = {isa = PBXBuildFile; fileRef = 468A1B2715D93B2800264F18 /* pprint.c */; settings = {COMPILER_FLAGS = "-fno-objc-arc"; }; };
		468A1B4C15D93B2800264F18 /* streamio.c in Sources */ = {isa = PBXBuildFile; fileRef = 468A1B2915D93B2800264F18 /* streamio.c */; settings = {COMPILER_FLAGS = "-fno-objc-arc"; }; };
		468A1B4D15D93B2800264F18 /* tagask.c in Sources */ = {isa = PBXBuildFile; fileRef = 468A1B2B15D93B2800264F18 /* tagask.c */; settings = {COMPILER_FLAGS = "-fno-objc-arc"; }; };
		468A1B4E15D93B2800264F18 /* tags.c in Sources */ = {isa = PBXBuildFile; fileRef = 468A1B2C15D93B2800264F18 /* tags.c */; settings = {COMPILER_FLAGS = "-fno-objc-arc"; }; };
		468A1B4F15D93B2800264F18 /* tidylib.c in Sources */ = {isa = PBXBuildFile; fileRef = 468A1B3115D93B2800264F18 /* tidylib.c */; settings = {COMPILER_FLAGS = "-fno-objc-arc"; }; };
		468A1B5015D93B2800264F18 /* tmbstr.c in Sources */ = {isa = PBXBuildFile; fileRef = 468A1B3215D93B2800264F18 /* tmbstr.c */; settings = {COMPILER_FLAGS = "-fno-objc-arc"; }; };
		468A1B5115D93B2800264F18 /* utf8.c in Sources */ = {isa = PBXBuildFile; fileRef = 468A1B3415D93B2800264F18 /* utf8.c */; settings = {COMPILER_FLAGS = "-fno-objc-arc"; }; };
		468A1B5215D93B2800264F18 /* win32tc.c in Sources */ = {isa = PBXBuildFile; fileRef = 468A1B3715D93B2800264F18 /* win32tc.c */; settings = {COMPILER_FLAGS = "-fno-objc-arc"; }; };
		468A1B5515D93D8C00264F18 /* GDataXMLElement-Extras.m in Sources */ = {isa = PBXBuildFile; fileRef = 468A1B5415D93D8C00264F18 /* GDataXMLElement-Extras.m */; };
		4695DCB315D8372F00A29484 /* RSSEntry.m in Sources */ = {isa = PBXBuildFile; fileRef = 4695DCB215D8372F00A29484 /* RSSEntry.m */; };
		4695DCD415D840E300A29484 /* CFNetwork.framework in Frameworks */ = {isa = PBXBuildFile; fileRef = 4695DCD315D840E300A29484 /* CFNetwork.framework */; };
		4695DCD615D840EE00A29484 /* SystemConfiguration.framework in Frameworks */ = {isa = PBXBuildFile; fileRef = 4695DCD515D840EE00A29484 /* SystemConfiguration.framework */; };
		4695DCD815D840FA00A29484 /* MobileCoreServices.framework in Frameworks */ = {isa = PBXBuildFile; fileRef = 4695DCD715D840FA00A29484 /* MobileCoreServices.framework */; };
		4695DCDA15D8410B00A29484 /* libz.1.2.5.dylib in Frameworks */ = {isa = PBXBuildFile; fileRef = 4695DCD915D8410B00A29484 /* libz.1.2.5.dylib */; };
		4695DCEF15D8436700A29484 /* ASIAuthenticationDialog.m in Sources */ = {isa = PBXBuildFile; fileRef = 4695DCDC15D8436700A29484 /* ASIAuthenticationDialog.m */; settings = {COMPILER_FLAGS = "-fno-objc-arc"; }; };
		4695DCF015D8436700A29484 /* ASIDataCompressor.m in Sources */ = {isa = PBXBuildFile; fileRef = 4695DCDF15D8436700A29484 /* ASIDataCompressor.m */; settings = {COMPILER_FLAGS = "-fno-objc-arc"; }; };
		4695DCF115D8436700A29484 /* ASIDataDecompressor.m in Sources */ = {isa = PBXBuildFile; fileRef = 4695DCE115D8436700A29484 /* ASIDataDecompressor.m */; settings = {COMPILER_FLAGS = "-fno-objc-arc"; }; };
		4695DCF215D8436700A29484 /* ASIDownloadCache.m in Sources */ = {isa = PBXBuildFile; fileRef = 4695DCE315D8436700A29484 /* ASIDownloadCache.m */; settings = {COMPILER_FLAGS = "-fno-objc-arc"; }; };
		4695DCF315D8436700A29484 /* ASIFormDataRequest.m in Sources */ = {isa = PBXBuildFile; fileRef = 4695DCE515D8436700A29484 /* ASIFormDataRequest.m */; settings = {COMPILER_FLAGS = "-fno-objc-arc"; }; };
		4695DCF415D8436700A29484 /* ASIHTTPRequest.m in Sources */ = {isa = PBXBuildFile; fileRef = 4695DCE715D8436700A29484 /* ASIHTTPRequest.m */; settings = {COMPILER_FLAGS = "-fno-objc-arc"; }; };
		4695DCF515D8436700A29484 /* ASIInputStream.m in Sources */ = {isa = PBXBuildFile; fileRef = 4695DCEB15D8436700A29484 /* ASIInputStream.m */; settings = {COMPILER_FLAGS = "-fno-objc-arc"; }; };
		4695DCF615D8436700A29484 /* ASINetworkQueue.m in Sources */ = {isa = PBXBuildFile; fileRef = 4695DCED15D8436700A29484 /* ASINetworkQueue.m */; settings = {COMPILER_FLAGS = "-fno-objc-arc"; }; };
		4695DCF915D8448F00A29484 /* Reachability.m in Sources */ = {isa = PBXBuildFile; fileRef = 4695DCF815D8448F00A29484 /* Reachability.m */; settings = {COMPILER_FLAGS = "-fno-objc-arc"; }; };
		46D00AF915D69E3B0016091B /* UIKit.framework in Frameworks */ = {isa = PBXBuildFile; fileRef = 46D00AF815D69E3B0016091B /* UIKit.framework */; };
		46D00AFB15D69E3B0016091B /* Foundation.framework in Frameworks */ = {isa = PBXBuildFile; fileRef = 46D00AFA15D69E3B0016091B /* Foundation.framework */; };
		46D00AFD15D69E3B0016091B /* CoreGraphics.framework in Frameworks */ = {isa = PBXBuildFile; fileRef = 46D00AFC15D69E3B0016091B /* CoreGraphics.framework */; };
		46D00B0315D69E3B0016091B /* InfoPlist.strings in Resources */ = {isa = PBXBuildFile; fileRef = 46D00B0115D69E3B0016091B /* InfoPlist.strings */; };
		46D00B0515D69E3B0016091B /* main.m in Sources */ = {isa = PBXBuildFile; fileRef = 46D00B0415D69E3B0016091B /* main.m */; };
		46D00B0915D69E3B0016091B /* AppDelegate.m in Sources */ = {isa = PBXBuildFile; fileRef = 46D00B0815D69E3B0016091B /* AppDelegate.m */; };
		46D00B0C15D69E3B0016091B /* RootViewController.m in Sources */ = {isa = PBXBuildFile; fileRef = 46D00B0B15D69E3B0016091B /* RootViewController.m */; };
		46D00B0F15D69E3B0016091B /* DataViewController.m in Sources */ = {isa = PBXBuildFile; fileRef = 46D00B0E15D69E3B0016091B /* DataViewController.m */; };
		46D00B1215D69E3B0016091B /* ModelController.m in Sources */ = {isa = PBXBuildFile; fileRef = 46D00B1115D69E3B0016091B /* ModelController.m */; };
		46D00B1515D69E3B0016091B /* MainStoryboard_iPhone.storyboard in Resources */ = {isa = PBXBuildFile; fileRef = 46D00B1315D69E3B0016091B /* MainStoryboard_iPhone.storyboard */; };
		46D00B1815D69E3B0016091B /* MainStoryboard_iPad.storyboard in Resources */ = {isa = PBXBuildFile; fileRef = 46D00B1615D69E3B0016091B /* MainStoryboard_iPad.storyboard */; };
		46D00B2015D69E3B0016091B /* SenTestingKit.framework in Frameworks */ = {isa = PBXBuildFile; fileRef = 46D00B1F15D69E3B0016091B /* SenTestingKit.framework */; };
		46D00B2115D69E3B0016091B /* UIKit.framework in Frameworks */ = {isa = PBXBuildFile; fileRef = 46D00AF815D69E3B0016091B /* UIKit.framework */; };
		46D00B2215D69E3B0016091B /* Foundation.framework in Frameworks */ = {isa = PBXBuildFile; fileRef = 46D00AFA15D69E3B0016091B /* Foundation.framework */; };
		46D00B2A15D69E3B0016091B /* InfoPlist.strings in Resources */ = {isa = PBXBuildFile; fileRef = 46D00B2815D69E3B0016091B /* InfoPlist.strings */; };
		46D00B2D15D69E3C0016091B /* bbPressTestTests.m in Sources */ = {isa = PBXBuildFile; fileRef = 46D00B2C15D69E3C0016091B /* bbPressTestTests.m */; };
/* End PBXBuildFile section */

/* Begin PBXContainerItemProxy section */
		46D00B2315D69E3B0016091B /* PBXContainerItemProxy */ = {
			isa = PBXContainerItemProxy;
			containerPortal = 46D00AEB15D69E3B0016091B /* Project object */;
			proxyType = 1;
			remoteGlobalIDString = 46D00AF315D69E3B0016091B;
			remoteInfo = bbPressTest;
		};
/* End PBXContainerItemProxy section */

/* Begin PBXFileReference section */
		468A1B0215D93AE400264F18 /* GDataXMLNode.h */ = {isa = PBXFileReference; fileEncoding = 4; lastKnownFileType = sourcecode.c.h; name = GDataXMLNode.h; path = GDataXML/GDataXMLNode.h; sourceTree = "<group>"; };
		468A1B0315D93AE400264F18 /* GDataXMLNode.m */ = {isa = PBXFileReference; fileEncoding = 4; lastKnownFileType = sourcecode.c.objc; name = GDataXMLNode.m; path = GDataXML/GDataXMLNode.m; sourceTree = "<group>"; };
		468A1B0515D93B2800264F18 /* access.c */ = {isa = PBXFileReference; fileEncoding = 4; lastKnownFileType = sourcecode.c.c; name = access.c; path = GDataXML/access.c; sourceTree = "<group>"; };
		468A1B0615D93B2800264F18 /* access.h */ = {isa = PBXFileReference; fileEncoding = 4; lastKnownFileType = sourcecode.c.h; name = access.h; path = GDataXML/access.h; sourceTree = "<group>"; };
		468A1B0715D93B2800264F18 /* alloc.c */ = {isa = PBXFileReference; fileEncoding = 4; lastKnownFileType = sourcecode.c.c; name = alloc.c; path = GDataXML/alloc.c; sourceTree = "<group>"; };
		468A1B0815D93B2800264F18 /* attrask.c */ = {isa = PBXFileReference; fileEncoding = 4; lastKnownFileType = sourcecode.c.c; name = attrask.c; path = GDataXML/attrask.c; sourceTree = "<group>"; };
		468A1B0915D93B2800264F18 /* attrdict.c */ = {isa = PBXFileReference; fileEncoding = 4; lastKnownFileType = sourcecode.c.c; name = attrdict.c; path = GDataXML/attrdict.c; sourceTree = "<group>"; };
		468A1B0A15D93B2800264F18 /* attrdict.h */ = {isa = PBXFileReference; fileEncoding = 4; lastKnownFileType = sourcecode.c.h; name = attrdict.h; path = GDataXML/attrdict.h; sourceTree = "<group>"; };
		468A1B0B15D93B2800264F18 /* attrget.c */ = {isa = PBXFileReference; fileEncoding = 4; lastKnownFileType = sourcecode.c.c; name = attrget.c; path = GDataXML/attrget.c; sourceTree = "<group>"; };
		468A1B0C15D93B2800264F18 /* attrs.c */ = {isa = PBXFileReference; fileEncoding = 4; lastKnownFileType = sourcecode.c.c; name = attrs.c; path = GDataXML/attrs.c; sourceTree = "<group>"; };
		468A1B0D15D93B2800264F18 /* attrs.h */ = {isa = PBXFileReference; fileEncoding = 4; lastKnownFileType = sourcecode.c.h; name = attrs.h; path = GDataXML/attrs.h; sourceTree = "<group>"; };
		468A1B0E15D93B2800264F18 /* buffio.c */ = {isa = PBXFileReference; fileEncoding = 4; lastKnownFileType = sourcecode.c.c; name = buffio.c; path = GDataXML/buffio.c; sourceTree = "<group>"; };
		468A1B0F15D93B2800264F18 /* buffio.h */ = {isa = PBXFileReference; fileEncoding = 4; lastKnownFileType = sourcecode.c.h; name = buffio.h; path = GDataXML/buffio.h; sourceTree = "<group>"; };
		468A1B1015D93B2800264F18 /* charsets.c */ = {isa = PBXFileReference; fileEncoding = 4; lastKnownFileType = sourcecode.c.c; name = charsets.c; path = GDataXML/charsets.c; sourceTree = "<group>"; };
		468A1B1115D93B2800264F18 /* charsets.h */ = {isa = PBXFileReference; fileEncoding = 4; lastKnownFileType = sourcecode.c.h; name = charsets.h; path = GDataXML/charsets.h; sourceTree = "<group>"; };
		468A1B1215D93B2800264F18 /* clean.c */ = {isa = PBXFileReference; fileEncoding = 4; lastKnownFileType = sourcecode.c.c; name = clean.c; path = GDataXML/clean.c; sourceTree = "<group>"; };
		468A1B1315D93B2800264F18 /* clean.h */ = {isa = PBXFileReference; fileEncoding = 4; lastKnownFileType = sourcecode.c.h; name = clean.h; path = GDataXML/clean.h; sourceTree = "<group>"; };
		468A1B1415D93B2800264F18 /* config.c */ = {isa = PBXFileReference; fileEncoding = 4; lastKnownFileType = sourcecode.c.c; name = config.c; path = GDataXML/config.c; sourceTree = "<group>"; };
		468A1B1515D93B2800264F18 /* config.h */ = {isa = PBXFileReference; fileEncoding = 4; lastKnownFileType = sourcecode.c.h; name = config.h; path = GDataXML/config.h; sourceTree = "<group>"; };
		468A1B1615D93B2800264F18 /* entities.c */ = {isa = PBXFileReference; fileEncoding = 4; lastKnownFileType = sourcecode.c.c; name = entities.c; path = GDataXML/entities.c; sourceTree = "<group>"; };
		468A1B1715D93B2800264F18 /* entities.h */ = {isa = PBXFileReference; fileEncoding = 4; lastKnownFileType = sourcecode.c.h; name = entities.h; path = GDataXML/entities.h; sourceTree = "<group>"; };
		468A1B1815D93B2800264F18 /* fileio.c */ = {isa = PBXFileReference; fileEncoding = 4; lastKnownFileType = sourcecode.c.c; name = fileio.c; path = GDataXML/fileio.c; sourceTree = "<group>"; };
		468A1B1915D93B2800264F18 /* fileio.h */ = {isa = PBXFileReference; fileEncoding = 4; lastKnownFileType = sourcecode.c.h; name = fileio.h; path = GDataXML/fileio.h; sourceTree = "<group>"; };
		468A1B1A15D93B2800264F18 /* forward.h */ = {isa = PBXFileReference; fileEncoding = 4; lastKnownFileType = sourcecode.c.h; name = forward.h; path = GDataXML/forward.h; sourceTree = "<group>"; };
		468A1B1B15D93B2800264F18 /* iconvtc.c */ = {isa = PBXFileReference; fileEncoding = 4; lastKnownFileType = sourcecode.c.c; name = iconvtc.c; path = GDataXML/iconvtc.c; sourceTree = "<group>"; };
		468A1B1C15D93B2800264F18 /* iconvtc.h */ = {isa = PBXFileReference; fileEncoding = 4; lastKnownFileType = sourcecode.c.h; name = iconvtc.h; path = GDataXML/iconvtc.h; sourceTree = "<group>"; };
		468A1B1D15D93B2800264F18 /* istack.c */ = {isa = PBXFileReference; fileEncoding = 4; lastKnownFileType = sourcecode.c.c; name = istack.c; path = GDataXML/istack.c; sourceTree = "<group>"; };
		468A1B1E15D93B2800264F18 /* lexer.c */ = {isa = PBXFileReference; fileEncoding = 4; lastKnownFileType = sourcecode.c.c; name = lexer.c; path = GDataXML/lexer.c; sourceTree = "<group>"; };
		468A1B1F15D93B2800264F18 /* lexer.h */ = {isa = PBXFileReference; fileEncoding = 4; lastKnownFileType = sourcecode.c.h; name = lexer.h; path = GDataXML/lexer.h; sourceTree = "<group>"; };
		468A1B2015D93B2800264F18 /* localize.c */ = {isa = PBXFileReference; fileEncoding = 4; lastKnownFileType = sourcecode.c.c; name = localize.c; path = GDataXML/localize.c; sourceTree = "<group>"; };
		468A1B2115D93B2800264F18 /* mappedio.c */ = {isa = PBXFileReference; fileEncoding = 4; lastKnownFileType = sourcecode.c.c; name = mappedio.c; path = GDataXML/mappedio.c; sourceTree = "<group>"; };
		468A1B2215D93B2800264F18 /* mappedio.h */ = {isa = PBXFileReference; fileEncoding = 4; lastKnownFileType = sourcecode.c.h; name = mappedio.h; path = GDataXML/mappedio.h; sourceTree = "<group>"; };
		468A1B2315D93B2800264F18 /* message.h */ = {isa = PBXFileReference; fileEncoding = 4; lastKnownFileType = sourcecode.c.h; name = message.h; path = GDataXML/message.h; sourceTree = "<group>"; };
		468A1B2415D93B2800264F18 /* parser.c */ = {isa = PBXFileReference; fileEncoding = 4; lastKnownFileType = sourcecode.c.c; name = parser.c; path = GDataXML/parser.c; sourceTree = "<group>"; };
		468A1B2515D93B2800264F18 /* parser.h */ = {isa = PBXFileReference; fileEncoding = 4; lastKnownFileType = sourcecode.c.h; name = parser.h; path = GDataXML/parser.h; sourceTree = "<group>"; };
		468A1B2615D93B2800264F18 /* platform.h */ = {isa = PBXFileReference; fileEncoding = 4; lastKnownFileType = sourcecode.c.h; name = platform.h; path = GDataXML/platform.h; sourceTree = "<group>"; };
		468A1B2715D93B2800264F18 /* pprint.c */ = {isa = PBXFileReference; fileEncoding = 4; lastKnownFileType = sourcecode.c.c; name = pprint.c; path = GDataXML/pprint.c; sourceTree = "<group>"; };
		468A1B2815D93B2800264F18 /* pprint.h */ = {isa = PBXFileReference; fileEncoding = 4; lastKnownFileType = sourcecode.c.h; name = pprint.h; path = GDataXML/pprint.h; sourceTree = "<group>"; };
		468A1B2915D93B2800264F18 /* streamio.c */ = {isa = PBXFileReference; fileEncoding = 4; lastKnownFileType = sourcecode.c.c; name = streamio.c; path = GDataXML/streamio.c; sourceTree = "<group>"; };
		468A1B2A15D93B2800264F18 /* streamio.h */ = {isa = PBXFileReference; fileEncoding = 4; lastKnownFileType = sourcecode.c.h; name = streamio.h; path = GDataXML/streamio.h; sourceTree = "<group>"; };
		468A1B2B15D93B2800264F18 /* tagask.c */ = {isa = PBXFileReference; fileEncoding = 4; lastKnownFileType = sourcecode.c.c; name = tagask.c; path = GDataXML/tagask.c; sourceTree = "<group>"; };
		468A1B2C15D93B2800264F18 /* tags.c */ = {isa = PBXFileReference; fileEncoding = 4; lastKnownFileType = sourcecode.c.c; name = tags.c; path = GDataXML/tags.c; sourceTree = "<group>"; };
		468A1B2D15D93B2800264F18 /* tags.h */ = {isa = PBXFileReference; fileEncoding = 4; lastKnownFileType = sourcecode.c.h; name = tags.h; path = GDataXML/tags.h; sourceTree = "<group>"; };
		468A1B2E15D93B2800264F18 /* tidy-int.h */ = {isa = PBXFileReference; fileEncoding = 4; lastKnownFileType = sourcecode.c.h; name = "tidy-int.h"; path = "GDataXML/tidy-int.h"; sourceTree = "<group>"; };
		468A1B2F15D93B2800264F18 /* tidy.h */ = {isa = PBXFileReference; fileEncoding = 4; lastKnownFileType = sourcecode.c.h; name = tidy.h; path = GDataXML/tidy.h; sourceTree = "<group>"; };
		468A1B3015D93B2800264F18 /* tidyenum.h */ = {isa = PBXFileReference; fileEncoding = 4; lastKnownFileType = sourcecode.c.h; name = tidyenum.h; path = GDataXML/tidyenum.h; sourceTree = "<group>"; };
		468A1B3115D93B2800264F18 /* tidylib.c */ = {isa = PBXFileReference; fileEncoding = 4; lastKnownFileType = sourcecode.c.c; name = tidylib.c; path = GDataXML/tidylib.c; sourceTree = "<group>"; };
		468A1B3215D93B2800264F18 /* tmbstr.c */ = {isa = PBXFileReference; fileEncoding = 4; lastKnownFileType = sourcecode.c.c; name = tmbstr.c; path = GDataXML/tmbstr.c; sourceTree = "<group>"; };
		468A1B3315D93B2800264F18 /* tmbstr.h */ = {isa = PBXFileReference; fileEncoding = 4; lastKnownFileType = sourcecode.c.h; name = tmbstr.h; path = GDataXML/tmbstr.h; sourceTree = "<group>"; };
		468A1B3415D93B2800264F18 /* utf8.c */ = {isa = PBXFileReference; fileEncoding = 4; lastKnownFileType = sourcecode.c.c; name = utf8.c; path = GDataXML/utf8.c; sourceTree = "<group>"; };
		468A1B3515D93B2800264F18 /* utf8.h */ = {isa = PBXFileReference; fileEncoding = 4; lastKnownFileType = sourcecode.c.h; name = utf8.h; path = GDataXML/utf8.h; sourceTree = "<group>"; };
		468A1B3615D93B2800264F18 /* version.h */ = {isa = PBXFileReference; fileEncoding = 4; lastKnownFileType = sourcecode.c.h; name = version.h; path = GDataXML/version.h; sourceTree = "<group>"; };
		468A1B3715D93B2800264F18 /* win32tc.c */ = {isa = PBXFileReference; fileEncoding = 4; lastKnownFileType = sourcecode.c.c; name = win32tc.c; path = GDataXML/win32tc.c; sourceTree = "<group>"; };
		468A1B3815D93B2800264F18 /* win32tc.h */ = {isa = PBXFileReference; fileEncoding = 4; lastKnownFileType = sourcecode.c.h; name = win32tc.h; path = GDataXML/win32tc.h; sourceTree = "<group>"; };
		468A1B5315D93D8C00264F18 /* GDataXMLElement-Extras.h */ = {isa = PBXFileReference; fileEncoding = 4; lastKnownFileType = sourcecode.c.h; path = "GDataXMLElement-Extras.h"; sourceTree = "<group>"; };
		468A1B5415D93D8C00264F18 /* GDataXMLElement-Extras.m */ = {isa = PBXFileReference; fileEncoding = 4; lastKnownFileType = sourcecode.c.objc; path = "GDataXMLElement-Extras.m"; sourceTree = "<group>"; };
		4695DCB115D8372F00A29484 /* RSSEntry.h */ = {isa = PBXFileReference; fileEncoding = 4; lastKnownFileType = sourcecode.c.h; path = RSSEntry.h; sourceTree = "<group>"; };
		4695DCB215D8372F00A29484 /* RSSEntry.m */ = {isa = PBXFileReference; fileEncoding = 4; lastKnownFileType = sourcecode.c.objc; path = RSSEntry.m; sourceTree = "<group>"; };
		4695DCD315D840E300A29484 /* CFNetwork.framework */ = {isa = PBXFileReference; lastKnownFileType = wrapper.framework; name = CFNetwork.framework; path = System/Library/Frameworks/CFNetwork.framework; sourceTree = SDKROOT; };
		4695DCD515D840EE00A29484 /* SystemConfiguration.framework */ = {isa = PBXFileReference; lastKnownFileType = wrapper.framework; name = SystemConfiguration.framework; path = System/Library/Frameworks/SystemConfiguration.framework; sourceTree = SDKROOT; };
		4695DCD715D840FA00A29484 /* MobileCoreServices.framework */ = {isa = PBXFileReference; lastKnownFileType = wrapper.framework; name = MobileCoreServices.framework; path = System/Library/Frameworks/MobileCoreServices.framework; sourceTree = SDKROOT; };
		4695DCD915D8410B00A29484 /* libz.1.2.5.dylib */ = {isa = PBXFileReference; lastKnownFileType = "compiled.mach-o.dylib"; name = libz.1.2.5.dylib; path = usr/lib/libz.1.2.5.dylib; sourceTree = SDKROOT; };
		4695DCDB15D8436700A29484 /* ASIAuthenticationDialog.h */ = {isa = PBXFileReference; fileEncoding = 4; lastKnownFileType = sourcecode.c.h; name = ASIAuthenticationDialog.h; path = ASIHTTPRequest/ASIAuthenticationDialog.h; sourceTree = "<group>"; };
		4695DCDC15D8436700A29484 /* ASIAuthenticationDialog.m */ = {isa = PBXFileReference; fileEncoding = 4; lastKnownFileType = sourcecode.c.objc; name = ASIAuthenticationDialog.m; path = ASIHTTPRequest/ASIAuthenticationDialog.m; sourceTree = "<group>"; };
		4695DCDD15D8436700A29484 /* ASICacheDelegate.h */ = {isa = PBXFileReference; fileEncoding = 4; lastKnownFileType = sourcecode.c.h; name = ASICacheDelegate.h; path = ASIHTTPRequest/ASICacheDelegate.h; sourceTree = "<group>"; };
		4695DCDE15D8436700A29484 /* ASIDataCompressor.h */ = {isa = PBXFileReference; fileEncoding = 4; lastKnownFileType = sourcecode.c.h; name = ASIDataCompressor.h; path = ASIHTTPRequest/ASIDataCompressor.h; sourceTree = "<group>"; };
		4695DCDF15D8436700A29484 /* ASIDataCompressor.m */ = {isa = PBXFileReference; fileEncoding = 4; lastKnownFileType = sourcecode.c.objc; name = ASIDataCompressor.m; path = ASIHTTPRequest/ASIDataCompressor.m; sourceTree = "<group>"; };
		4695DCE015D8436700A29484 /* ASIDataDecompressor.h */ = {isa = PBXFileReference; fileEncoding = 4; lastKnownFileType = sourcecode.c.h; name = ASIDataDecompressor.h; path = ASIHTTPRequest/ASIDataDecompressor.h; sourceTree = "<group>"; };
		4695DCE115D8436700A29484 /* ASIDataDecompressor.m */ = {isa = PBXFileReference; fileEncoding = 4; lastKnownFileType = sourcecode.c.objc; name = ASIDataDecompressor.m; path = ASIHTTPRequest/ASIDataDecompressor.m; sourceTree = "<group>"; };
		4695DCE215D8436700A29484 /* ASIDownloadCache.h */ = {isa = PBXFileReference; fileEncoding = 4; lastKnownFileType = sourcecode.c.h; name = ASIDownloadCache.h; path = ASIHTTPRequest/ASIDownloadCache.h; sourceTree = "<group>"; };
		4695DCE315D8436700A29484 /* ASIDownloadCache.m */ = {isa = PBXFileReference; fileEncoding = 4; lastKnownFileType = sourcecode.c.objc; name = ASIDownloadCache.m; path = ASIHTTPRequest/ASIDownloadCache.m; sourceTree = "<group>"; };
		4695DCE415D8436700A29484 /* ASIFormDataRequest.h */ = {isa = PBXFileReference; fileEncoding = 4; lastKnownFileType = sourcecode.c.h; name = ASIFormDataRequest.h; path = ASIHTTPRequest/ASIFormDataRequest.h; sourceTree = "<group>"; };
		4695DCE515D8436700A29484 /* ASIFormDataRequest.m */ = {isa = PBXFileReference; fileEncoding = 4; lastKnownFileType = sourcecode.c.objc; name = ASIFormDataRequest.m; path = ASIHTTPRequest/ASIFormDataRequest.m; sourceTree = "<group>"; };
		4695DCE615D8436700A29484 /* ASIHTTPRequest.h */ = {isa = PBXFileReference; fileEncoding = 4; lastKnownFileType = sourcecode.c.h; name = ASIHTTPRequest.h; path = ASIHTTPRequest/ASIHTTPRequest.h; sourceTree = "<group>"; };
		4695DCE715D8436700A29484 /* ASIHTTPRequest.m */ = {isa = PBXFileReference; fileEncoding = 4; lastKnownFileType = sourcecode.c.objc; name = ASIHTTPRequest.m; path = ASIHTTPRequest/ASIHTTPRequest.m; sourceTree = "<group>"; };
		4695DCE815D8436700A29484 /* ASIHTTPRequestConfig.h */ = {isa = PBXFileReference; fileEncoding = 4; lastKnownFileType = sourcecode.c.h; name = ASIHTTPRequestConfig.h; path = ASIHTTPRequest/ASIHTTPRequestConfig.h; sourceTree = "<group>"; };
		4695DCE915D8436700A29484 /* ASIHTTPRequestDelegate.h */ = {isa = PBXFileReference; fileEncoding = 4; lastKnownFileType = sourcecode.c.h; name = ASIHTTPRequestDelegate.h; path = ASIHTTPRequest/ASIHTTPRequestDelegate.h; sourceTree = "<group>"; };
		4695DCEA15D8436700A29484 /* ASIInputStream.h */ = {isa = PBXFileReference; fileEncoding = 4; lastKnownFileType = sourcecode.c.h; name = ASIInputStream.h; path = ASIHTTPRequest/ASIInputStream.h; sourceTree = "<group>"; };
		4695DCEB15D8436700A29484 /* ASIInputStream.m */ = {isa = PBXFileReference; fileEncoding = 4; lastKnownFileType = sourcecode.c.objc; name = ASIInputStream.m; path = ASIHTTPRequest/ASIInputStream.m; sourceTree = "<group>"; };
		4695DCEC15D8436700A29484 /* ASINetworkQueue.h */ = {isa = PBXFileReference; fileEncoding = 4; lastKnownFileType = sourcecode.c.h; name = ASINetworkQueue.h; path = ASIHTTPRequest/ASINetworkQueue.h; sourceTree = "<group>"; };
		4695DCED15D8436700A29484 /* ASINetworkQueue.m */ = {isa = PBXFileReference; fileEncoding = 4; lastKnownFileType = sourcecode.c.objc; name = ASINetworkQueue.m; path = ASIHTTPRequest/ASINetworkQueue.m; sourceTree = "<group>"; };
		4695DCEE15D8436700A29484 /* ASIProgressDelegate.h */ = {isa = PBXFileReference; fileEncoding = 4; lastKnownFileType = sourcecode.c.h; name = ASIProgressDelegate.h; path = ASIHTTPRequest/ASIProgressDelegate.h; sourceTree = "<group>"; };
		4695DCF715D8448F00A29484 /* Reachability.h */ = {isa = PBXFileReference; fileEncoding = 4; lastKnownFileType = sourcecode.c.h; name = Reachability.h; path = ASIHTTPRequest/Reachability.h; sourceTree = "<group>"; };
		4695DCF815D8448F00A29484 /* Reachability.m */ = {isa = PBXFileReference; fileEncoding = 4; lastKnownFileType = sourcecode.c.objc; name = Reachability.m; path = ASIHTTPRequest/Reachability.m; sourceTree = "<group>"; };
		46D00AF415D69E3B0016091B /* bbPressTest.app */ = {isa = PBXFileReference; explicitFileType = wrapper.application; includeInIndex = 0; path = bbPressTest.app; sourceTree = BUILT_PRODUCTS_DIR; };
		46D00AF815D69E3B0016091B /* UIKit.framework */ = {isa = PBXFileReference; lastKnownFileType = wrapper.framework; name = UIKit.framework; path = System/Library/Frameworks/UIKit.framework; sourceTree = SDKROOT; };
		46D00AFA15D69E3B0016091B /* Foundation.framework */ = {isa = PBXFileReference; lastKnownFileType = wrapper.framework; name = Foundation.framework; path = System/Library/Frameworks/Foundation.framework; sourceTree = SDKROOT; };
		46D00AFC15D69E3B0016091B /* CoreGraphics.framework */ = {isa = PBXFileReference; lastKnownFileType = wrapper.framework; name = CoreGraphics.framework; path = System/Library/Frameworks/CoreGraphics.framework; sourceTree = SDKROOT; };
		46D00B0015D69E3B0016091B /* bbPressTest-Info.plist */ = {isa = PBXFileReference; lastKnownFileType = text.plist.xml; path = "bbPressTest-Info.plist"; sourceTree = "<group>"; };
		46D00B0215D69E3B0016091B /* en */ = {isa = PBXFileReference; lastKnownFileType = text.plist.strings; name = en; path = en.lproj/InfoPlist.strings; sourceTree = "<group>"; };
		46D00B0415D69E3B0016091B /* main.m */ = {isa = PBXFileReference; lastKnownFileType = sourcecode.c.objc; path = main.m; sourceTree = "<group>"; };
		46D00B0615D69E3B0016091B /* bbPressTest-Prefix.pch */ = {isa = PBXFileReference; lastKnownFileType = sourcecode.c.h; path = "bbPressTest-Prefix.pch"; sourceTree = "<group>"; };
		46D00B0715D69E3B0016091B /* AppDelegate.h */ = {isa = PBXFileReference; lastKnownFileType = sourcecode.c.h; path = AppDelegate.h; sourceTree = "<group>"; };
		46D00B0815D69E3B0016091B /* AppDelegate.m */ = {isa = PBXFileReference; lastKnownFileType = sourcecode.c.objc; path = AppDelegate.m; sourceTree = "<group>"; };
		46D00B0A15D69E3B0016091B /* RootViewController.h */ = {isa = PBXFileReference; lastKnownFileType = sourcecode.c.h; path = RootViewController.h; sourceTree = "<group>"; };
		46D00B0B15D69E3B0016091B /* RootViewController.m */ = {isa = PBXFileReference; lastKnownFileType = sourcecode.c.objc; path = RootViewController.m; sourceTree = "<group>"; };
		46D00B0D15D69E3B0016091B /* DataViewController.h */ = {isa = PBXFileReference; lastKnownFileType = sourcecode.c.h; path = DataViewController.h; sourceTree = "<group>"; };
		46D00B0E15D69E3B0016091B /* DataViewController.m */ = {isa = PBXFileReference; lastKnownFileType = sourcecode.c.objc; path = DataViewController.m; sourceTree = "<group>"; };
		46D00B1015D69E3B0016091B /* ModelController.h */ = {isa = PBXFileReference; lastKnownFileType = sourcecode.c.h; path = ModelController.h; sourceTree = "<group>"; };
		46D00B1115D69E3B0016091B /* ModelController.m */ = {isa = PBXFileReference; lastKnownFileType = sourcecode.c.objc; path = ModelController.m; sourceTree = "<group>"; };
		46D00B1415D69E3B0016091B /* en */ = {isa = PBXFileReference; lastKnownFileType = file.storyboard; name = en; path = en.lproj/MainStoryboard_iPhone.storyboard; sourceTree = "<group>"; };
		46D00B1715D69E3B0016091B /* en */ = {isa = PBXFileReference; lastKnownFileType = file.storyboard; name = en; path = en.lproj/MainStoryboard_iPad.storyboard; sourceTree = "<group>"; };
		46D00B1E15D69E3B0016091B /* bbPressTestTests.octest */ = {isa = PBXFileReference; explicitFileType = wrapper.cfbundle; includeInIndex = 0; path = bbPressTestTests.octest; sourceTree = BUILT_PRODUCTS_DIR; };
		46D00B1F15D69E3B0016091B /* SenTestingKit.framework */ = {isa = PBXFileReference; lastKnownFileType = wrapper.framework; name = SenTestingKit.framework; path = Library/Frameworks/SenTestingKit.framework; sourceTree = DEVELOPER_DIR; };
		46D00B2715D69E3B0016091B /* bbPressTestTests-Info.plist */ = {isa = PBXFileReference; lastKnownFileType = text.plist.xml; path = "bbPressTestTests-Info.plist"; sourceTree = "<group>"; };
		46D00B2915D69E3B0016091B /* en */ = {isa = PBXFileReference; lastKnownFileType = text.plist.strings; name = en; path = en.lproj/InfoPlist.strings; sourceTree = "<group>"; };
		46D00B2B15D69E3C0016091B /* bbPressTestTests.h */ = {isa = PBXFileReference; lastKnownFileType = sourcecode.c.h; path = bbPressTestTests.h; sourceTree = "<group>"; };
		46D00B2C15D69E3C0016091B /* bbPressTestTests.m */ = {isa = PBXFileReference; lastKnownFileType = sourcecode.c.objc; path = bbPressTestTests.m; sourceTree = "<group>"; };
/* End PBXFileReference section */

/* Begin PBXFrameworksBuildPhase section */
		46D00AF115D69E3B0016091B /* Frameworks */ = {
			isa = PBXFrameworksBuildPhase;
			buildActionMask = 2147483647;
			files = (
				4695DCDA15D8410B00A29484 /* libz.1.2.5.dylib in Frameworks */,
				4695DCD815D840FA00A29484 /* MobileCoreServices.framework in Frameworks */,
				4695DCD615D840EE00A29484 /* SystemConfiguration.framework in Frameworks */,
				4695DCD415D840E300A29484 /* CFNetwork.framework in Frameworks */,
				46D00AF915D69E3B0016091B /* UIKit.framework in Frameworks */,
				46D00AFB15D69E3B0016091B /* Foundation.framework in Frameworks */,
				46D00AFD15D69E3B0016091B /* CoreGraphics.framework in Frameworks */,
			);
			runOnlyForDeploymentPostprocessing = 0;
		};
		46D00B1A15D69E3B0016091B /* Frameworks */ = {
			isa = PBXFrameworksBuildPhase;
			buildActionMask = 2147483647;
			files = (
				46D00B2015D69E3B0016091B /* SenTestingKit.framework in Frameworks */,
				46D00B2115D69E3B0016091B /* UIKit.framework in Frameworks */,
				46D00B2215D69E3B0016091B /* Foundation.framework in Frameworks */,
			);
			runOnlyForDeploymentPostprocessing = 0;
		};
/* End PBXFrameworksBuildPhase section */

/* Begin PBXGroup section */
		468A1B0015D93AD100264F18 /* GDataXML */ = {
			isa = PBXGroup;
			children = (
				468A1B0515D93B2800264F18 /* access.c */,
				468A1B0615D93B2800264F18 /* access.h */,
				468A1B0715D93B2800264F18 /* alloc.c */,
				468A1B0815D93B2800264F18 /* attrask.c */,
				468A1B0915D93B2800264F18 /* attrdict.c */,
				468A1B0A15D93B2800264F18 /* attrdict.h */,
				468A1B0B15D93B2800264F18 /* attrget.c */,
				468A1B0C15D93B2800264F18 /* attrs.c */,
				468A1B0D15D93B2800264F18 /* attrs.h */,
				468A1B0E15D93B2800264F18 /* buffio.c */,
				468A1B0F15D93B2800264F18 /* buffio.h */,
				468A1B1015D93B2800264F18 /* charsets.c */,
				468A1B1115D93B2800264F18 /* charsets.h */,
				468A1B1215D93B2800264F18 /* clean.c */,
				468A1B1315D93B2800264F18 /* clean.h */,
				468A1B1415D93B2800264F18 /* config.c */,
				468A1B1515D93B2800264F18 /* config.h */,
				468A1B1615D93B2800264F18 /* entities.c */,
				468A1B1715D93B2800264F18 /* entities.h */,
				468A1B1815D93B2800264F18 /* fileio.c */,
				468A1B1915D93B2800264F18 /* fileio.h */,
				468A1B1A15D93B2800264F18 /* forward.h */,
				468A1B1B15D93B2800264F18 /* iconvtc.c */,
				468A1B1C15D93B2800264F18 /* iconvtc.h */,
				468A1B1D15D93B2800264F18 /* istack.c */,
				468A1B1E15D93B2800264F18 /* lexer.c */,
				468A1B1F15D93B2800264F18 /* lexer.h */,
				468A1B2015D93B2800264F18 /* localize.c */,
				468A1B2115D93B2800264F18 /* mappedio.c */,
				468A1B2215D93B2800264F18 /* mappedio.h */,
				468A1B2315D93B2800264F18 /* message.h */,
				468A1B2415D93B2800264F18 /* parser.c */,
				468A1B2515D93B2800264F18 /* parser.h */,
				468A1B2615D93B2800264F18 /* platform.h */,
				468A1B2715D93B2800264F18 /* pprint.c */,
				468A1B2815D93B2800264F18 /* pprint.h */,
				468A1B2915D93B2800264F18 /* streamio.c */,
				468A1B2A15D93B2800264F18 /* streamio.h */,
				468A1B2B15D93B2800264F18 /* tagask.c */,
				468A1B2C15D93B2800264F18 /* tags.c */,
				468A1B2D15D93B2800264F18 /* tags.h */,
				468A1B2E15D93B2800264F18 /* tidy-int.h */,
				468A1B2F15D93B2800264F18 /* tidy.h */,
				468A1B3015D93B2800264F18 /* tidyenum.h */,
				468A1B3115D93B2800264F18 /* tidylib.c */,
				468A1B3215D93B2800264F18 /* tmbstr.c */,
				468A1B3315D93B2800264F18 /* tmbstr.h */,
				468A1B3415D93B2800264F18 /* utf8.c */,
				468A1B3515D93B2800264F18 /* utf8.h */,
				468A1B3615D93B2800264F18 /* version.h */,
				468A1B3715D93B2800264F18 /* win32tc.c */,
				468A1B3815D93B2800264F18 /* win32tc.h */,
				468A1B0215D93AE400264F18 /* GDataXMLNode.h */,
				468A1B0315D93AE400264F18 /* GDataXMLNode.m */,
				468A1B5315D93D8C00264F18 /* GDataXMLElement-Extras.h */,
				468A1B5415D93D8C00264F18 /* GDataXMLElement-Extras.m */,
			);
			name = GDataXML;
			sourceTree = "<group>";
		};
		4695DCB515D83EEE00A29484 /* ASIHTTPRequest */ = {
			isa = PBXGroup;
			children = (
				4695DCF715D8448F00A29484 /* Reachability.h */,
				4695DCF815D8448F00A29484 /* Reachability.m */,
				4695DCDB15D8436700A29484 /* ASIAuthenticationDialog.h */,
				4695DCDC15D8436700A29484 /* ASIAuthenticationDialog.m */,
				4695DCDD15D8436700A29484 /* ASICacheDelegate.h */,
				4695DCDE15D8436700A29484 /* ASIDataCompressor.h */,
				4695DCDF15D8436700A29484 /* ASIDataCompressor.m */,
				4695DCE015D8436700A29484 /* ASIDataDecompressor.h */,
				4695DCE115D8436700A29484 /* ASIDataDecompressor.m */,
				4695DCE215D8436700A29484 /* ASIDownloadCache.h */,
				4695DCE315D8436700A29484 /* ASIDownloadCache.m */,
				4695DCE415D8436700A29484 /* ASIFormDataRequest.h */,
				4695DCE515D8436700A29484 /* ASIFormDataRequest.m */,
				4695DCE615D8436700A29484 /* ASIHTTPRequest.h */,
				4695DCE715D8436700A29484 /* ASIHTTPRequest.m */,
				4695DCE815D8436700A29484 /* ASIHTTPRequestConfig.h */,
				4695DCE915D8436700A29484 /* ASIHTTPRequestDelegate.h */,
				4695DCEA15D8436700A29484 /* ASIInputStream.h */,
				4695DCEB15D8436700A29484 /* ASIInputStream.m */,
				4695DCEC15D8436700A29484 /* ASINetworkQueue.h */,
				4695DCED15D8436700A29484 /* ASINetworkQueue.m */,
				4695DCEE15D8436700A29484 /* ASIProgressDelegate.h */,
			);
			name = ASIHTTPRequest;
			sourceTree = "<group>";
		};
		46D00AE915D69E3B0016091B = {
			isa = PBXGroup;
			children = (
				468A1B0015D93AD100264F18 /* GDataXML */,
				4695DCB515D83EEE00A29484 /* ASIHTTPRequest */,
				46D00AFE15D69E3B0016091B /* bbPressTest */,
				46D00B2515D69E3B0016091B /* bbPressTestTests */,
				46D00AF715D69E3B0016091B /* Frameworks */,
				46D00AF515D69E3B0016091B /* Products */,
			);
			sourceTree = "<group>";
		};
		46D00AF515D69E3B0016091B /* Products */ = {
			isa = PBXGroup;
			children = (
				46D00AF415D69E3B0016091B /* bbPressTest.app */,
				46D00B1E15D69E3B0016091B /* bbPressTestTests.octest */,
			);
			name = Products;
			sourceTree = "<group>";
		};
		46D00AF715D69E3B0016091B /* Frameworks */ = {
			isa = PBXGroup;
			children = (
				4695DCD915D8410B00A29484 /* libz.1.2.5.dylib */,
				4695DCD715D840FA00A29484 /* MobileCoreServices.framework */,
				4695DCD515D840EE00A29484 /* SystemConfiguration.framework */,
				4695DCD315D840E300A29484 /* CFNetwork.framework */,
				46D00AF815D69E3B0016091B /* UIKit.framework */,
				46D00AFA15D69E3B0016091B /* Foundation.framework */,
				46D00AFC15D69E3B0016091B /* CoreGraphics.framework */,
				46D00B1F15D69E3B0016091B /* SenTestingKit.framework */,
			);
			name = Frameworks;
			sourceTree = "<group>";
		};
		46D00AFE15D69E3B0016091B /* bbPressTest */ = {
			isa = PBXGroup;
			children = (
				46D00B0715D69E3B0016091B /* AppDelegate.h */,
				46D00B0815D69E3B0016091B /* AppDelegate.m */,
				46D00B0A15D69E3B0016091B /* RootViewController.h */,
				46D00B0B15D69E3B0016091B /* RootViewController.m */,
				46D00B0D15D69E3B0016091B /* DataViewController.h */,
				46D00B0E15D69E3B0016091B /* DataViewController.m */,
				46D00B1015D69E3B0016091B /* ModelController.h */,
				46D00B1115D69E3B0016091B /* ModelController.m */,
				46D00B1315D69E3B0016091B /* MainStoryboard_iPhone.storyboard */,
				46D00B1615D69E3B0016091B /* MainStoryboard_iPad.storyboard */,
				46D00AFF15D69E3B0016091B /* Supporting Files */,
				4695DCB115D8372F00A29484 /* RSSEntry.h */,
				4695DCB215D8372F00A29484 /* RSSEntry.m */,
			);
			path = bbPressTest;
			sourceTree = "<group>";
		};
		46D00AFF15D69E3B0016091B /* Supporting Files */ = {
			isa = PBXGroup;
			children = (
				46D00B0015D69E3B0016091B /* bbPressTest-Info.plist */,
				46D00B0115D69E3B0016091B /* InfoPlist.strings */,
				46D00B0415D69E3B0016091B /* main.m */,
				46D00B0615D69E3B0016091B /* bbPressTest-Prefix.pch */,
			);
			name = "Supporting Files";
			sourceTree = "<group>";
		};
		46D00B2515D69E3B0016091B /* bbPressTestTests */ = {
			isa = PBXGroup;
			children = (
				46D00B2B15D69E3C0016091B /* bbPressTestTests.h */,
				46D00B2C15D69E3C0016091B /* bbPressTestTests.m */,
				46D00B2615D69E3B0016091B /* Supporting Files */,
			);
			path = bbPressTestTests;
			sourceTree = "<group>";
		};
		46D00B2615D69E3B0016091B /* Supporting Files */ = {
			isa = PBXGroup;
			children = (
				46D00B2715D69E3B0016091B /* bbPressTestTests-Info.plist */,
				46D00B2815D69E3B0016091B /* InfoPlist.strings */,
			);
			name = "Supporting Files";
			sourceTree = "<group>";
		};
/* End PBXGroup section */

/* Begin PBXNativeTarget section */
		46D00AF315D69E3B0016091B /* bbPressTest */ = {
			isa = PBXNativeTarget;
			buildConfigurationList = 46D00B3015D69E3C0016091B /* Build configuration list for PBXNativeTarget "bbPressTest" */;
			buildPhases = (
				46D00AF015D69E3B0016091B /* Sources */,
				46D00AF115D69E3B0016091B /* Frameworks */,
				46D00AF215D69E3B0016091B /* Resources */,
			);
			buildRules = (
			);
			dependencies = (
			);
			name = bbPressTest;
			productName = bbPressTest;
			productReference = 46D00AF415D69E3B0016091B /* bbPressTest.app */;
			productType = "com.apple.product-type.application";
		};
		46D00B1D15D69E3B0016091B /* bbPressTestTests */ = {
			isa = PBXNativeTarget;
			buildConfigurationList = 46D00B3315D69E3C0016091B /* Build configuration list for PBXNativeTarget "bbPressTestTests" */;
			buildPhases = (
				46D00B1915D69E3B0016091B /* Sources */,
				46D00B1A15D69E3B0016091B /* Frameworks */,
				46D00B1B15D69E3B0016091B /* Resources */,
				46D00B1C15D69E3B0016091B /* ShellScript */,
			);
			buildRules = (
			);
			dependencies = (
				46D00B2415D69E3B0016091B /* PBXTargetDependency */,
			);
			name = bbPressTestTests;
			productName = bbPressTestTests;
			productReference = 46D00B1E15D69E3B0016091B /* bbPressTestTests.octest */;
			productType = "com.apple.product-type.bundle";
		};
/* End PBXNativeTarget section */

/* Begin PBXProject section */
		46D00AEB15D69E3B0016091B /* Project object */ = {
			isa = PBXProject;
			attributes = {
				LastUpgradeCheck = 0440;
				ORGANIZATIONNAME = "Jun Tao Luo";
			};
			buildConfigurationList = 46D00AEE15D69E3B0016091B /* Build configuration list for PBXProject "bbPressTest" */;
			compatibilityVersion = "Xcode 3.2";
			developmentRegion = English;
			hasScannedForEncodings = 0;
			knownRegions = (
				en,
			);
			mainGroup = 46D00AE915D69E3B0016091B;
			productRefGroup = 46D00AF515D69E3B0016091B /* Products */;
			projectDirPath = "";
			projectRoot = "";
			targets = (
				46D00AF315D69E3B0016091B /* bbPressTest */,
				46D00B1D15D69E3B0016091B /* bbPressTestTests */,
			);
		};
/* End PBXProject section */

/* Begin PBXResourcesBuildPhase section */
		46D00AF215D69E3B0016091B /* Resources */ = {
			isa = PBXResourcesBuildPhase;
			buildActionMask = 2147483647;
			files = (
				46D00B0315D69E3B0016091B /* InfoPlist.strings in Resources */,
				46D00B1515D69E3B0016091B /* MainStoryboard_iPhone.storyboard in Resources */,
				46D00B1815D69E3B0016091B /* MainStoryboard_iPad.storyboard in Resources */,
			);
			runOnlyForDeploymentPostprocessing = 0;
		};
		46D00B1B15D69E3B0016091B /* Resources */ = {
			isa = PBXResourcesBuildPhase;
			buildActionMask = 2147483647;
			files = (
				46D00B2A15D69E3B0016091B /* InfoPlist.strings in Resources */,
			);
			runOnlyForDeploymentPostprocessing = 0;
		};
/* End PBXResourcesBuildPhase section */

/* Begin PBXShellScriptBuildPhase section */
		46D00B1C15D69E3B0016091B /* ShellScript */ = {
			isa = PBXShellScriptBuildPhase;
			buildActionMask = 2147483647;
			files = (
			);
			inputPaths = (
			);
			outputPaths = (
			);
			runOnlyForDeploymentPostprocessing = 0;
			shellPath = /bin/sh;
			shellScript = "# Run the unit tests in this test bundle.\n\"${SYSTEM_DEVELOPER_DIR}/Tools/RunUnitTests\"\n";
		};
/* End PBXShellScriptBuildPhase section */

/* Begin PBXSourcesBuildPhase section */
		46D00AF015D69E3B0016091B /* Sources */ = {
			isa = PBXSourcesBuildPhase;
			buildActionMask = 2147483647;
			files = (
				46D00B0515D69E3B0016091B /* main.m in Sources */,
				46D00B0915D69E3B0016091B /* AppDelegate.m in Sources */,
				46D00B0C15D69E3B0016091B /* RootViewController.m in Sources */,
				46D00B0F15D69E3B0016091B /* DataViewController.m in Sources */,
				46D00B1215D69E3B0016091B /* ModelController.m in Sources */,
				4695DCB315D8372F00A29484 /* RSSEntry.m in Sources */,
				4695DCEF15D8436700A29484 /* ASIAuthenticationDialog.m in Sources */,
				4695DCF015D8436700A29484 /* ASIDataCompressor.m in Sources */,
				4695DCF115D8436700A29484 /* ASIDataDecompressor.m in Sources */,
				4695DCF215D8436700A29484 /* ASIDownloadCache.m in Sources */,
				4695DCF315D8436700A29484 /* ASIFormDataRequest.m in Sources */,
				4695DCF415D8436700A29484 /* ASIHTTPRequest.m in Sources */,
				4695DCF515D8436700A29484 /* ASIInputStream.m in Sources */,
				4695DCF615D8436700A29484 /* ASINetworkQueue.m in Sources */,
				4695DCF915D8448F00A29484 /* Reachability.m in Sources */,
				468A1B0415D93AE400264F18 /* GDataXMLNode.m in Sources */,
				468A1B3915D93B2800264F18 /* access.c in Sources */,
				468A1B3A15D93B2800264F18 /* alloc.c in Sources */,
				468A1B3B15D93B2800264F18 /* attrask.c in Sources */,
				468A1B3C15D93B2800264F18 /* attrdict.c in Sources */,
				468A1B3D15D93B2800264F18 /* attrget.c in Sources */,
				468A1B3E15D93B2800264F18 /* attrs.c in Sources */,
				468A1B3F15D93B2800264F18 /* buffio.c in Sources */,
				468A1B4015D93B2800264F18 /* charsets.c in Sources */,
				468A1B4115D93B2800264F18 /* clean.c in Sources */,
				468A1B4215D93B2800264F18 /* config.c in Sources */,
				468A1B4315D93B2800264F18 /* entities.c in Sources */,
				468A1B4415D93B2800264F18 /* fileio.c in Sources */,
				468A1B4515D93B2800264F18 /* iconvtc.c in Sources */,
				468A1B4615D93B2800264F18 /* istack.c in Sources */,
				468A1B4715D93B2800264F18 /* lexer.c in Sources */,
				468A1B4815D93B2800264F18 /* localize.c in Sources */,
				468A1B4915D93B2800264F18 /* mappedio.c in Sources */,
				468A1B4A15D93B2800264F18 /* parser.c in Sources */,
				468A1B4B15D93B2800264F18 /* pprint.c in Sources */,
				468A1B4C15D93B2800264F18 /* streamio.c in Sources */,
				468A1B4D15D93B2800264F18 /* tagask.c in Sources */,
				468A1B4E15D93B2800264F18 /* tags.c in Sources */,
				468A1B4F15D93B2800264F18 /* tidylib.c in Sources */,
				468A1B5015D93B2800264F18 /* tmbstr.c in Sources */,
				468A1B5115D93B2800264F18 /* utf8.c in Sources */,
				468A1B5215D93B2800264F18 /* win32tc.c in Sources */,
				468A1B5515D93D8C00264F18 /* GDataXMLElement-Extras.m in Sources */,
			);
			runOnlyForDeploymentPostprocessing = 0;
		};
		46D00B1915D69E3B0016091B /* Sources */ = {
			isa = PBXSourcesBuildPhase;
			buildActionMask = 2147483647;
			files = (
				46D00B2D15D69E3C0016091B /* bbPressTestTests.m in Sources */,
			);
			runOnlyForDeploymentPostprocessing = 0;
		};
/* End PBXSourcesBuildPhase section */

/* Begin PBXTargetDependency section */
		46D00B2415D69E3B0016091B /* PBXTargetDependency */ = {
			isa = PBXTargetDependency;
			target = 46D00AF315D69E3B0016091B /* bbPressTest */;
			targetProxy = 46D00B2315D69E3B0016091B /* PBXContainerItemProxy */;
		};
/* End PBXTargetDependency section */

/* Begin PBXVariantGroup section */
		46D00B0115D69E3B0016091B /* InfoPlist.strings */ = {
			isa = PBXVariantGroup;
			children = (
				46D00B0215D69E3B0016091B /* en */,
			);
			name = InfoPlist.strings;
			sourceTree = "<group>";
		};
		46D00B1315D69E3B0016091B /* MainStoryboard_iPhone.storyboard */ = {
			isa = PBXVariantGroup;
			children = (
				46D00B1415D69E3B0016091B /* en */,
			);
			name = MainStoryboard_iPhone.storyboard;
			sourceTree = "<group>";
		};
		46D00B1615D69E3B0016091B /* MainStoryboard_iPad.storyboard */ = {
			isa = PBXVariantGroup;
			children = (
				46D00B1715D69E3B0016091B /* en */,
			);
			name = MainStoryboard_iPad.storyboard;
			sourceTree = "<group>";
		};
		46D00B2815D69E3B0016091B /* InfoPlist.strings */ = {
			isa = PBXVariantGroup;
			children = (
				46D00B2915D69E3B0016091B /* en */,
			);
			name = InfoPlist.strings;
			sourceTree = "<group>";
		};
/* End PBXVariantGroup section */

/* Begin XCBuildConfiguration section */
		46D00B2E15D69E3C0016091B /* Debug */ = {
			isa = XCBuildConfiguration;
			buildSettings = {
				ALWAYS_SEARCH_USER_PATHS = NO;
				ARCHS = "$(ARCHS_STANDARD_32_BIT)";
				CLANG_CXX_LANGUAGE_STANDARD = "gnu++0x";
				CLANG_ENABLE_OBJC_ARC = YES;
				CLANG_WARN__DUPLICATE_METHOD_MATCH = YES;
				"CODE_SIGN_IDENTITY[sdk=iphoneos*]" = "iPhone Developer";
				COPY_PHASE_STRIP = NO;
				GCC_C_LANGUAGE_STANDARD = gnu99;
				GCC_DYNAMIC_NO_PIC = NO;
				GCC_OPTIMIZATION_LEVEL = 0;
				GCC_PREPROCESSOR_DEFINITIONS = (
					"DEBUG=1",
					"$(inherited)",
				);
				GCC_SYMBOLS_PRIVATE_EXTERN = NO;
				GCC_VERSION = com.apple.compilers.llvm.clang.1_0;
				GCC_WARN_ABOUT_RETURN_TYPE = YES;
				GCC_WARN_UNINITIALIZED_AUTOS = YES;
				GCC_WARN_UNUSED_VARIABLE = YES;
				IPHONEOS_DEPLOYMENT_TARGET = 5.1;
				SDKROOT = iphoneos;
				TARGETED_DEVICE_FAMILY = "1,2";
			};
			name = Debug;
		};
		46D00B2F15D69E3C0016091B /* Release */ = {
			isa = XCBuildConfiguration;
			buildSettings = {
				ALWAYS_SEARCH_USER_PATHS = NO;
				ARCHS = "$(ARCHS_STANDARD_32_BIT)";
				CLANG_CXX_LANGUAGE_STANDARD = "gnu++0x";
				CLANG_ENABLE_OBJC_ARC = YES;
				CLANG_WARN__DUPLICATE_METHOD_MATCH = YES;
				"CODE_SIGN_IDENTITY[sdk=iphoneos*]" = "iPhone Developer";
				COPY_PHASE_STRIP = YES;
				GCC_C_LANGUAGE_STANDARD = gnu99;
				GCC_VERSION = com.apple.compilers.llvm.clang.1_0;
				GCC_WARN_ABOUT_RETURN_TYPE = YES;
				GCC_WARN_UNINITIALIZED_AUTOS = YES;
				GCC_WARN_UNUSED_VARIABLE = YES;
				IPHONEOS_DEPLOYMENT_TARGET = 5.1;
				OTHER_CFLAGS = "-DNS_BLOCK_ASSERTIONS=1";
				SDKROOT = iphoneos;
				TARGETED_DEVICE_FAMILY = "1,2";
				VALIDATE_PRODUCT = YES;
			};
			name = Release;
		};
		46D00B3115D69E3C0016091B /* Debug */ = {
			isa = XCBuildConfiguration;
			buildSettings = {
				GCC_PRECOMPILE_PREFIX_HEADER = YES;
				GCC_PREFIX_HEADER = "bbPressTest/bbPressTest-Prefix.pch";
				HEADER_SEARCH_PATHS = /usr/include/libxml2;
				INFOPLIST_FILE = "bbPressTest/bbPressTest-Info.plist";
				OTHER_LDFLAGS = "-lxml2";
				PRODUCT_NAME = "$(TARGET_NAME)";
				WRAPPER_EXTENSION = app;
			};
			name = Debug;
		};
		46D00B3215D69E3C0016091B /* Release */ = {
			isa = XCBuildConfiguration;
			buildSettings = {
				GCC_PRECOMPILE_PREFIX_HEADER = YES;
				GCC_PREFIX_HEADER = "bbPressTest/bbPressTest-Prefix.pch";
				HEADER_SEARCH_PATHS = /usr/include/libxml2;
				INFOPLIST_FILE = "bbPressTest/bbPressTest-Info.plist";
				OTHER_LDFLAGS = "-lxml2";
				PRODUCT_NAME = "$(TARGET_NAME)";
				WRAPPER_EXTENSION = app;
			};
			name = Release;
		};
		46D00B3415D69E3C0016091B /* Debug */ = {
			isa = XCBuildConfiguration;
			buildSettings = {
				BUNDLE_LOADER = "$(BUILT_PRODUCTS_DIR)/bbPressTest.app/bbPressTest";
				FRAMEWORK_SEARCH_PATHS = (
					"\"$(SDKROOT)/Developer/Library/Frameworks\"",
					"\"$(DEVELOPER_LIBRARY_DIR)/Frameworks\"",
				);
				GCC_PRECOMPILE_PREFIX_HEADER = YES;
				GCC_PREFIX_HEADER = "bbPressTest/bbPressTest-Prefix.pch";
				INFOPLIST_FILE = "bbPressTestTests/bbPressTestTests-Info.plist";
				PRODUCT_NAME = "$(TARGET_NAME)";
				TEST_HOST = "$(BUNDLE_LOADER)";
				WRAPPER_EXTENSION = octest;
			};
			name = Debug;
		};
		46D00B3515D69E3C0016091B /* Release */ = {
			isa = XCBuildConfiguration;
			buildSettings = {
				BUNDLE_LOADER = "$(BUILT_PRODUCTS_DIR)/bbPressTest.app/bbPressTest";
				FRAMEWORK_SEARCH_PATHS = (
					"\"$(SDKROOT)/Developer/Library/Frameworks\"",
					"\"$(DEVELOPER_LIBRARY_DIR)/Frameworks\"",
				);
				GCC_PRECOMPILE_PREFIX_HEADER = YES;
				GCC_PREFIX_HEADER = "bbPressTest/bbPressTest-Prefix.pch";
				INFOPLIST_FILE = "bbPressTestTests/bbPressTestTests-Info.plist";
				PRODUCT_NAME = "$(TARGET_NAME)";
				TEST_HOST = "$(BUNDLE_LOADER)";
				WRAPPER_EXTENSION = octest;
			};
			name = Release;
		};
/* End XCBuildConfiguration section */

/* Begin XCConfigurationList section */
		46D00AEE15D69E3B0016091B /* Build configuration list for PBXProject "bbPressTest" */ = {
			isa = XCConfigurationList;
			buildConfigurations = (
				46D00B2E15D69E3C0016091B /* Debug */,
				46D00B2F15D69E3C0016091B /* Release */,
			);
			defaultConfigurationIsVisible = 0;
			defaultConfigurationName = Release;
		};
		46D00B3015D69E3C0016091B /* Build configuration list for PBXNativeTarget "bbPressTest" */ = {
			isa = XCConfigurationList;
			buildConfigurations = (
				46D00B3115D69E3C0016091B /* Debug */,
				46D00B3215D69E3C0016091B /* Release */,
			);
			defaultConfigurationIsVisible = 0;
			defaultConfigurationName = Release;
		};
		46D00B3315D69E3C0016091B /* Build configuration list for PBXNativeTarget "bbPressTestTests" */ = {
			isa = XCConfigurationList;
			buildConfigurations = (
				46D00B3415D69E3C0016091B /* Debug */,
				46D00B3515D69E3C0016091B /* Release */,
			);
			defaultConfigurationIsVisible = 0;
			defaultConfigurationName = Release;
		};
/* End XCConfigurationList section */
	};
	rootObject = 46D00AEB15D69E3B0016091B /* Project object */;
}
